
Microsoft Visual Studio Solution File, Format Version 12.00
# Visual Studio Version 16
VisualStudioVersion = 16.0.31019.35
MinimumVisualStudioVersion = 10.0.40219.1
Project("{FAE04EC0-301F-11D3-BF4B-00C04F79EFBC}") = "MVCTemperatureConverter", "MVCTemperatureConverter\MVCTemperatureConverter.csproj", "{CFAA082D-FD3B-4C69-BF04-012678137112}"
EndProject
Global
	GlobalSection(SolutionConfigurationPlatforms) = preSolution
		Debug|Any CPU = Debug|Any CPU
		Release|Any CPU = Release|Any CPU
	EndGlobalSection
	GlobalSection(ProjectConfigurationPlatforms) = postSolution
		{CFAA082D-FD3B-4C69-BF04-012678137112}.Debug|Any CPU.ActiveCfg = Debug|Any CPU
		{CFAA082D-FD3B-4C69-BF04-012678137112}.Debug|Any CPU.Build.0 = Debug|Any CPU
		{CFAA082D-FD3B-4C69-BF04-012678137112}.Release|Any CPU.ActiveCfg = Release|Any CPU
		{CFAA082D-FD3B-4C69-BF04-012678137112}.Release|Any CPU.Build.0 = Release|Any CPU
	EndGlobalSection
	GlobalSection(SolutionProperties) = preSolution
		HideSolutionNode = FALSE
	EndGlobalSection
	GlobalSection(ExtensibilityGlobals) = postSolution
		SolutionGuid = {05571CB2-B0CF-4926-8BDC-5D83C00D643A}
	EndGlobalSection
EndGlobal
